PODS:
  - Alamofire (4.8.2)
  - Realm (3.17.0):
    - Realm/Headers (= 3.17.0)
  - Realm/Headers (3.17.0)
  - RealmSwift (3.17.0):
    - Realm (= 3.17.0)

DEPENDENCIES:
  - Alamofire
  - RealmSwift

SPEC REPOS:
  https://github.com/cocoapods/specs.git:
    - Alamofire
    - Realm
    - RealmSwift

SPEC CHECKSUMS:
  Alamofire: ae5c501addb7afdbb13687d7f2f722c78734c2d3
  Realm: b30db41ff34fc858ffc25ba8d44a82c164e7ccd0
  RealmSwift: fe733e459d60dc7b6971d4cbee2eb4854097d12c

PODFILE CHECKSUM: 15ac3758a45429fae38518f4d76b5838807e2e56

COCOAPODS: 1.6.1
